{
  "name": "screen-share-uni-app",
  "version": "1.0.0",
  "lockfileVersion": 3,
  "requires": true,
  "packages": {
    "": {
      "name": "screen-share-uni-app",
      "version": "1.0.0",
      "license": "ISC",
      "dependencies": {
        "@hyoga/uni-socket.io": "^2.0.3",
        "screen-share-uni-app": "file:"
      }
    },
    "node_modules/@hyoga/uni-socket.io": {
      "version": "2.0.3",
      "resolved": "https://registry.npmmirror.com/@hyoga/uni-socket.io/-/uni-socket.io-2.0.3.tgz",
      "integrity": "sha512-KS6alXlK8TvWAR1l/JleHFyzb24WdLNYmqjzuKnLgHYyaWrEKOFDnlrismqoFKYa4SgVEZf/k6xtGOfOVWgFhA==",
      "license": "MIT"
    },
    "node_modules/screen-share-uni-app": {
      "resolved": "",
      "link": true
    }
  }
}
